
Microsoft Visual Studio Solution File, Format Version 12.00
# Visual Studio 14
VisualStudioVersion = 14.0.25420.1
MinimumVisualStudioVersion = 10.0.40219.1
Project("{E24C65DC-7377-472B-9ABA-BC803B73C61A}") = "INSTACREDITCR_AppWebConcentrador_v4", "INSTACREDITCR_AppWebConcentrador_v4\", "{CDE124DD-85A4-43DA-8380-F34DD2C45C67}"
	ProjectSection(WebsiteProperties) = preProject
		TargetFrameworkMoniker = ".NETFramework,Version%3Dv4.7.2"
		Debug.AspNetCompiler.VirtualPath = "/localhost_25555"
		Debug.AspNetCompiler.PhysicalPath = "INSTACREDITCR_AppWebConcentrador_v4\"
		Debug.AspNetCompiler.TargetPath = "PrecompiledWeb\localhost_25555\"
		Debug.AspNetCompiler.Updateable = "true"
		Debug.AspNetCompiler.ForceOverwrite = "true"
		Debug.AspNetCompiler.FixedNames = "false"
		Debug.AspNetCompiler.Debug = "True"
		Release.AspNetCompiler.VirtualPath = "/localhost_25555"
		Release.AspNetCompiler.PhysicalPath = "INSTACREDITCR_AppWebConcentrador_v4\"
		Release.AspNetCompiler.TargetPath = "PrecompiledWeb\localhost_25555\"
		Release.AspNetCompiler.Updateable = "true"
		Release.AspNetCompiler.ForceOverwrite = "true"
		Release.AspNetCompiler.FixedNames = "false"
		Release.AspNetCompiler.Debug = "False"
		VWDPort = "25555"
		SlnRelativePath = "INSTACREDITCR_AppWebConcentrador_v4\"
	EndProjectSection
EndProject
Global
	GlobalSection(SolutionConfigurationPlatforms) = preSolution
		Debug|Any CPU = Debug|Any CPU
	EndGlobalSection
	GlobalSection(ProjectConfigurationPlatforms) = postSolution
		{CDE124DD-85A4-43DA-8380-F34DD2C45C67}.Debug|Any CPU.ActiveCfg = Debug|Any CPU
		{CDE124DD-85A4-43DA-8380-F34DD2C45C67}.Debug|Any CPU.Build.0 = Debug|Any CPU
	EndGlobalSection
	GlobalSection(SolutionProperties) = preSolution
		HideSolutionNode = FALSE
	EndGlobalSection
EndGlobal
